
Microsoft Visual Studio Solution File, Format Version 12.00
# Visual Studio Version 16
VisualStudioVersion = 16.0.30413.136
MinimumVisualStudioVersion = 10.0.40219.1
Project("{FAE04EC0-301F-11D3-BF4B-00C04F79EFBC}") = "DemoEven", "DemoEven\DemoEven.csproj", "{91CC14FF-1BD6-4D06-A9BF-6B79510D85D1}"
EndProject
Global
	GlobalSection(SolutionConfigurationPlatforms) = preSolution
		Debug|Any CPU = Debug|Any CPU
		Release|Any CPU = Release|Any CPU
	EndGlobalSection
	GlobalSection(ProjectConfigurationPlatforms) = postSolution
		{91CC14FF-1BD6-4D06-A9BF-6B79510D85D1}.Debug|Any CPU.ActiveCfg = Debug|Any CPU
		{91CC14FF-1BD6-4D06-A9BF-6B79510D85D1}.Debug|Any CPU.Build.0 = Debug|Any CPU
		{91CC14FF-1BD6-4D06-A9BF-6B79510D85D1}.Release|Any CPU.ActiveCfg = Release|Any CPU
		{91CC14FF-1BD6-4D06-A9BF-6B79510D85D1}.Release|Any CPU.Build.0 = Release|Any CPU
	EndGlobalSection
	GlobalSection(SolutionProperties) = preSolution
		HideSolutionNode = FALSE
	EndGlobalSection
	GlobalSection(ExtensibilityGlobals) = postSolution
		SolutionGuid = {9591FBAB-D778-44DC-82A4-0B28D1016137}
	EndGlobalSection
EndGlobal
